
Microsoft Visual Studio Solution File, Format Version 12.00
# Visual Studio 15
Project("{FAE04EC0-301F-11D3-BF4B-00C04F79EFBC}") = "XamarinBugEntryPlaceholderColor.iOS", "XamarinBugEntryPlaceholderColor.iOS\XamarinBugEntryPlaceholderColor.iOS.csproj", "{2066EDB4-54A8-49E2-9612-6FE2FA164C87}"
EndProject
Project("{FAE04EC0-301F-11D3-BF4B-00C04F79EFBC}") = "XamarinBugEntryPlaceholderColor", "XamarinBugEntryPlaceholderColor\XamarinBugEntryPlaceholderColor.csproj", "{B242BDF1-B9DC-4D29-ACDA-0899C8DEE148}"
EndProject
Global
	GlobalSection(SolutionConfigurationPlatforms) = preSolution
		Debug|iPhoneSimulator = Debug|iPhoneSimulator
		Release|iPhoneSimulator = Release|iPhoneSimulator
		Debug|iPhone = Debug|iPhone
		Release|iPhone = Release|iPhone
		Debug|Any CPU = Debug|Any CPU
		Release|Any CPU = Release|Any CPU
	EndGlobalSection
	GlobalSection(ProjectConfigurationPlatforms) = postSolution
		{2066EDB4-54A8-49E2-9612-6FE2FA164C87}.Debug|iPhoneSimulator.ActiveCfg = Debug|iPhoneSimulator
		{2066EDB4-54A8-49E2-9612-6FE2FA164C87}.Debug|iPhoneSimulator.Build.0 = Debug|iPhoneSimulator
		{2066EDB4-54A8-49E2-9612-6FE2FA164C87}.Release|iPhoneSimulator.ActiveCfg = Release|iPhoneSimulator
		{2066EDB4-54A8-49E2-9612-6FE2FA164C87}.Release|iPhoneSimulator.Build.0 = Release|iPhoneSimulator
		{2066EDB4-54A8-49E2-9612-6FE2FA164C87}.Debug|iPhone.ActiveCfg = Debug|iPhone
		{2066EDB4-54A8-49E2-9612-6FE2FA164C87}.Debug|iPhone.Build.0 = Debug|iPhone
		{2066EDB4-54A8-49E2-9612-6FE2FA164C87}.Release|iPhone.ActiveCfg = Release|iPhone
		{2066EDB4-54A8-49E2-9612-6FE2FA164C87}.Release|iPhone.Build.0 = Release|iPhone
		{2066EDB4-54A8-49E2-9612-6FE2FA164C87}.Debug|Any CPU.ActiveCfg = Debug|iPhoneSimulator
		{2066EDB4-54A8-49E2-9612-6FE2FA164C87}.Debug|Any CPU.Build.0 = Debug|iPhoneSimulator
		{2066EDB4-54A8-49E2-9612-6FE2FA164C87}.Release|Any CPU.ActiveCfg = Release|iPhoneSimulator
		{2066EDB4-54A8-49E2-9612-6FE2FA164C87}.Release|Any CPU.Build.0 = Release|iPhoneSimulator
		{B242BDF1-B9DC-4D29-ACDA-0899C8DEE148}.Debug|iPhoneSimulator.ActiveCfg = Debug|Any CPU
		{B242BDF1-B9DC-4D29-ACDA-0899C8DEE148}.Debug|iPhoneSimulator.Build.0 = Debug|Any CPU
		{B242BDF1-B9DC-4D29-ACDA-0899C8DEE148}.Release|iPhoneSimulator.ActiveCfg = Release|Any CPU
		{B242BDF1-B9DC-4D29-ACDA-0899C8DEE148}.Release|iPhoneSimulator.Build.0 = Release|Any CPU
		{B242BDF1-B9DC-4D29-ACDA-0899C8DEE148}.Debug|iPhone.ActiveCfg = Debug|Any CPU
		{B242BDF1-B9DC-4D29-ACDA-0899C8DEE148}.Debug|iPhone.Build.0 = Debug|Any CPU
		{B242BDF1-B9DC-4D29-ACDA-0899C8DEE148}.Release|iPhone.ActiveCfg = Release|Any CPU
		{B242BDF1-B9DC-4D29-ACDA-0899C8DEE148}.Release|iPhone.Build.0 = Release|Any CPU
		{B242BDF1-B9DC-4D29-ACDA-0899C8DEE148}.Debug|Any CPU.ActiveCfg = Debug|Any CPU
		{B242BDF1-B9DC-4D29-ACDA-0899C8DEE148}.Debug|Any CPU.Build.0 = Debug|Any CPU
		{B242BDF1-B9DC-4D29-ACDA-0899C8DEE148}.Release|Any CPU.ActiveCfg = Release|Any CPU
		{B242BDF1-B9DC-4D29-ACDA-0899C8DEE148}.Release|Any CPU.Build.0 = Release|Any CPU
	EndGlobalSection
EndGlobal
